{
  "nodes": {
    "blog-rymcg-tech": {
      "flake": false,
      "locked": {
        "lastModified": 1782501127,
        "narHash": "sha256-lyeb+4Fs+9IkVT37EvyUEgIVARVQ8PQJGhRmynCGM6I=",
        "owner": "EnigmaCurry",
        "repo": "blog.rymcg.tech",
        "rev": "895d1b2f4e8e147ed9c3221cf5b80edd157e352b",
        "type": "github"
      },
      "original": {
        "owner": "EnigmaCurry",
        "repo": "blog.rymcg.tech",
        "type": "github"
      }
    },
    "emacs_enigmacurry": {
      "flake": false,
      "locked": {
        "lastModified": 1779988581,
        "narHash": "sha256-EsxtsJ1pRJyUMTh5cWKLRO3uwgMv47yKKpVFZMnogPg=",
        "owner": "EnigmaCurry",
        "repo": "emacs",
        "rev": "44926df0f657e195facac858c9bb61ab81b49717",
        "type": "github"
      },
      "original": {
        "owner": "EnigmaCurry",
        "repo": "emacs",
        "type": "github"
      }
    },
    "firefox-addons": {
      "inputs": {
        "nixpkgs": [
          "sway-home",
          "nixpkgs"
        ]
      },
      "locked": {
        "dir": "pkgs/firefox-addons",
        "lastModified": 1784692983,
        "narHash": "sha256-5RE5jkpkTIrP2A4XS3D9KiC9NGXOcKKE90dpV/NNc/E=",
        "owner": "rycee",
        "repo": "nur-expressions",
        "rev": "27cc0aa451c1db33050b6b371268c755a5e85a49",
        "type": "gitlab"
      },
      "original": {
        "dir": "pkgs/firefox-addons",
        "owner": "rycee",
        "repo": "nur-expressions",
        "type": "gitlab"
      }
    },
    "flake-utils": {
      "inputs": {
        "systems": "systems"
      },
      "locked": {
        "lastModified": 1731533236,
        "narHash": "sha256-l0KFg5HjrsfsO/JpG+r7fRrqm12kzFHyUHqHCVpMMbI=",
        "owner": "numtide",
        "repo": "flake-utils",
        "rev": "11707dc2f618dd54ca8739b309ec4fc024de578b",
        "type": "github"
      },
      "original": {
        "owner": "numtide",
        "repo": "flake-utils",
        "type": "github"
      }
    },
    "flake-utils_2": {
      "inputs": {
        "systems": "systems_2"
      },
      "locked": {
        "lastModified": 1731533236,
        "narHash": "sha256-l0KFg5HjrsfsO/JpG+r7fRrqm12kzFHyUHqHCVpMMbI=",
        "owner": "numtide",
        "repo": "flake-utils",
        "rev": "11707dc2f618dd54ca8739b309ec4fc024de578b",
        "type": "github"
      },
      "original": {
        "owner": "numtide",
        "repo": "flake-utils",
        "type": "github"
      }
    },
    "git-prompt": {
      "flake": false,
      "locked": {
        "narHash": "sha256-kV63N7WFRfPMN1VbBqzEdaskUfkCDb+ZpvggScfuJ3c=",
        "type": "file",
        "url": "https://raw.githubusercontent.com/git/git/master/contrib/completion/git-prompt.sh"
      },
      "original": {
        "type": "file",
        "url": "https://raw.githubusercontent.com/git/git/master/contrib/completion/git-prompt.sh"
      }
    },
    "home-manager": {
      "inputs": {
        "nixpkgs": [
          "nixpkgs"
        ]
      },
      "locked": {
        "lastModified": 1784690067,
        "narHash": "sha256-t86pRs7IPs3RTMPueWvvdcxyTFrctHAv2Jl7jnjsSf8=",
        "owner": "nix-community",
        "repo": "home-manager",
        "rev": "6d8d61567802997f9ec3086b2a837e3ef31fac16",
        "type": "github"
      },
      "original": {
        "owner": "nix-community",
        "repo": "home-manager",
        "type": "github"
      }
    },
    "home-manager_2": {
      "inputs": {
        "nixpkgs": [
          "sway-home",
          "nixpkgs"
        ]
      },
      "locked": {
        "lastModified": 1784350909,
        "narHash": "sha256-ZWyzLbS1yKUTeFJLmdVuWNnHttL333/ldJbEE+KzCrM=",
        "owner": "nix-community",
        "repo": "home-manager",
        "rev": "4ce190229c73d44536caa7072f6308fb2d8feeb3",
        "type": "github"
      },
      "original": {
        "owner": "nix-community",
        "ref": "release-26.05",
        "repo": "home-manager",
        "type": "github"
      }
    },
    "nifty-filter": {
      "inputs": {
        "nixpkgs": [
          "nixpkgs"
        ]
      },
      "locked": {
        "lastModified": 1781025510,
        "narHash": "sha256-EQv0ccru1MzqxHk9bl5atZNwEyqitZGSPhe1h+G6wt4=",
        "owner": "EnigmaCurry",
        "repo": "nifty-filter",
        "rev": "f3416e916e625a5e3096fe9f1c7bfdb8b2fcc1e4",
        "type": "github"
      },
      "original": {
        "owner": "EnigmaCurry",
        "ref": "dev",
        "repo": "nifty-filter",
        "type": "github"
      }
    },
    "nix-flatpak": {
      "locked": {
        "lastModified": 1783368811,
        "narHash": "sha256-0H8jDwR4Kegb3heaTrH1ftbgKfZVDT8JE+46uXxDy/Q=",
        "owner": "gmodena",
        "repo": "nix-flatpak",
        "rev": "20d42f0ee98c9fe9f85e8d1de474f1409ed10d05",
        "type": "github"
      },
      "original": {
        "owner": "gmodena",
        "repo": "nix-flatpak",
        "type": "github"
      }
    },
    "nix-flatpak_2": {
      "locked": {
        "lastModified": 1783368811,
        "narHash": "sha256-0H8jDwR4Kegb3heaTrH1ftbgKfZVDT8JE+46uXxDy/Q=",
        "owner": "gmodena",
        "repo": "nix-flatpak",
        "rev": "20d42f0ee98c9fe9f85e8d1de474f1409ed10d05",
        "type": "github"
      },
      "original": {
        "owner": "gmodena",
        "repo": "nix-flatpak",
        "type": "github"
      }
    },
    "nixos-vm-template": {
      "flake": false,
      "locked": {
        "lastModified": 1784686321,
        "narHash": "sha256-oZcwdyKt+hYcZTjwojaBVXL86ckOvEBVE6e9/KrKLkE=",
        "owner": "EnigmaCurry",
        "repo": "nixos-vm-template",
        "rev": "dbe8f8128f14285086d7ccef0c020dfc0c6f3f4c",
        "type": "github"
      },
      "original": {
        "owner": "EnigmaCurry",
        "repo": "nixos-vm-template",
        "type": "github"
      }
    },
    "nixpkgs": {
      "locked": {
        "lastModified": 1784497964,
        "narHash": "sha256-vlHUuqAcbcH2RKmHbPiuQzbv1pnzzavXnI62RD0bqCU=",
        "owner": "NixOS",
        "repo": "nixpkgs",
        "rev": "241313f4e8e508cb9b13278c2b0fa25b9ca27163",
        "type": "github"
      },
      "original": {
        "owner": "NixOS",
        "ref": "nixos-unstable",
        "repo": "nixpkgs",
        "type": "github"
      }
    },
    "nixpkgs_2": {
      "locked": {
        "lastModified": 1780749050,
        "narHash": "sha256-3av0pIjlOWQ6rDbNOmpUSvbNnJkGORQKKjb4LtCZsIY=",
        "owner": "NixOS",
        "repo": "nixpkgs",
        "rev": "a799d3e3886da994fa307f817a6bc705ae538eeb",
        "type": "github"
      },
      "original": {
        "owner": "NixOS",
        "ref": "nixos-unstable",
        "repo": "nixpkgs",
        "type": "github"
      }
    },
    "nixpkgs_unstable": {
      "locked": {
        "lastModified": 1784497964,
        "narHash": "sha256-vlHUuqAcbcH2RKmHbPiuQzbv1pnzzavXnI62RD0bqCU=",
        "owner": "NixOS",
        "repo": "nixpkgs",
        "rev": "241313f4e8e508cb9b13278c2b0fa25b9ca27163",
        "type": "github"
      },
      "original": {
        "owner": "NixOS",
        "ref": "nixos-unstable",
        "repo": "nixpkgs",
        "type": "github"
      }
    },
    "opencode": {
      "inputs": {
        "nixpkgs": [
          "nixpkgs"
        ]
      },
      "locked": {
        "lastModified": 1776472156,
        "narHash": "sha256-jlxR2BODV8wk0sP4Kkyza7Zr5I+Q003gldCfp2eYOt8=",
        "owner": "AnomalyCo",
        "repo": "opencode",
        "rev": "a35b8a95c27d28e979a3826e1289d7ee87f40251",
        "type": "github"
      },
      "original": {
        "owner": "AnomalyCo",
        "ref": "v1.4.11",
        "repo": "opencode",
        "type": "github"
      }
    },
    "root": {
      "inputs": {
        "home-manager": "home-manager",
        "nifty-filter": "nifty-filter",
        "nix-flatpak": "nix-flatpak",
        "nixpkgs": "nixpkgs",
        "opencode": "opencode",
        "script-wizard": "script-wizard",
        "sway-home": "sway-home"
      }
    },
    "script-wizard": {
      "inputs": {
        "flake-utils": "flake-utils",
        "nixpkgs": [
          "nixpkgs"
        ]
      },
      "locked": {
        "lastModified": 1784595260,
        "narHash": "sha256-OJxAh711X6XWScO+RSWFD4OHCCKIyB+X+lyyoTgePtc=",
        "owner": "EnigmaCurry",
        "repo": "script-wizard",
        "rev": "0dbd03f845341dfb0028f107ca3d50df8dc98ec7",
        "type": "github"
      },
      "original": {
        "owner": "EnigmaCurry",
        "ref": "v0.3.2",
        "repo": "script-wizard",
        "type": "github"
      }
    },
    "script-wizard_2": {
      "inputs": {
        "flake-utils": "flake-utils_2",
        "nixpkgs": "nixpkgs_2"
      },
      "locked": {
        "lastModified": 1784594090,
        "narHash": "sha256-+23OSNb/fAfJAKOGDjcjcZQqtpgtZDK0aGzwCqBBz2U=",
        "owner": "EnigmaCurry",
        "repo": "script-wizard",
        "rev": "be14881037cab5f416adae3c81daae801c55b14d",
        "type": "github"
      },
      "original": {
        "owner": "EnigmaCurry",
        "repo": "script-wizard",
        "type": "github"
      }
    },
    "sway-home": {
      "inputs": {
        "blog-rymcg-tech": "blog-rymcg-tech",
        "emacs_enigmacurry": "emacs_enigmacurry",
        "firefox-addons": "firefox-addons",
        "git-prompt": "git-prompt",
        "home-manager": "home-manager_2",
        "nix-flatpak": "nix-flatpak_2",
        "nixos-vm-template": "nixos-vm-template",
        "nixpkgs": [
          "nixpkgs"
        ],
        "nixpkgs_unstable": "nixpkgs_unstable",
        "script-wizard": "script-wizard_2",
        "sway-home": "sway-home_2"
      },
      "locked": {
        "dir": "home-manager",
        "lastModified": 1784694952,
        "narHash": "sha256-/YDVTeOtEBINtOKdjVaxx+3NQHyx+CSbnUAd+NKjbVg=",
        "owner": "EnigmaCurry",
        "repo": "sway-home",
        "rev": "e84f464ab190f7073e9dcf08222b3d70e8fc0106",
        "type": "github"
      },
      "original": {
        "dir": "home-manager",
        "owner": "EnigmaCurry",
        "repo": "sway-home",
        "type": "github"
      }
    },
    "sway-home_2": {
      "flake": false,
      "locked": {
        "path": "..",
        "type": "path"
      },
      "original": {
        "path": "..",
        "type": "path"
      },
      "parent": [
        "sway-home"
      ]
    },
    "systems": {
      "locked": {
        "lastModified": 1681028828,
        "narHash": "sha256-Vy1rq5AaRuLzOxct8nz4T6wlgyUR7zLU309k9mBC768=",
        "owner": "nix-systems",
        "repo": "default",
        "rev": "da67096a3b9bf56a91d16901293e51ba5b49a27e",
        "type": "github"
      },
      "original": {
        "owner": "nix-systems",
        "repo": "default",
        "type": "github"
      }
    },
    "systems_2": {
      "locked": {
        "lastModified": 1681028828,
        "narHash": "sha256-Vy1rq5AaRuLzOxct8nz4T6wlgyUR7zLU309k9mBC768=",
        "owner": "nix-systems",
        "repo": "default",
        "rev": "da67096a3b9bf56a91d16901293e51ba5b49a27e",
        "type": "github"
      },
      "original": {
        "owner": "nix-systems",
        "repo": "default",
        "type": "github"
      }
    }
  },
  "root": "root",
  "version": 7
}
