{
  "nodes": {
    "blog-rymcg-tech": {
      "flake": false,
      "locked": {
        "lastModified": 1780382379,
        "narHash": "sha256-68O/vsj8cRjN+f1cUBFtb0MEdk5W49Q2MKRw7GZWlSs=",
        "owner": "EnigmaCurry",
        "repo": "blog.rymcg.tech",
        "rev": "a9c3bc5235ac219c95cd01e7fe878f541ef58a3e",
        "type": "github"
      },
      "original": {
        "owner": "EnigmaCurry",
        "repo": "blog.rymcg.tech",
        "type": "github"
      }
    },
    "emacs_enigmacurry": {
      "flake": false,
      "locked": {
        "lastModified": 1779988581,
        "narHash": "sha256-EsxtsJ1pRJyUMTh5cWKLRO3uwgMv47yKKpVFZMnogPg=",
        "owner": "EnigmaCurry",
        "repo": "emacs",
        "rev": "44926df0f657e195facac858c9bb61ab81b49717",
        "type": "github"
      },
      "original": {
        "owner": "EnigmaCurry",
        "repo": "emacs",
        "type": "github"
      }
    },
    "firefox-addons": {
      "inputs": {
        "nixpkgs": [
          "sway-home",
          "nixpkgs"
        ]
      },
      "locked": {
        "dir": "pkgs/firefox-addons",
        "lastModified": 1780373275,
        "narHash": "sha256-wyOXYCVRwJbPriBi9GHdVGkzV4S9vFAcOR+f3ImfwZw=",
        "owner": "rycee",
        "repo": "nur-expressions",
        "rev": "cc32ec3611bb3cd0443ed5479bbc009a1006db0b",
        "type": "gitlab"
      },
      "original": {
        "dir": "pkgs/firefox-addons",
        "owner": "rycee",
        "repo": "nur-expressions",
        "type": "gitlab"
      }
    },
    "flake-utils": {
      "inputs": {
        "systems": "systems"
      },
      "locked": {
        "lastModified": 1731533236,
        "narHash": "sha256-l0KFg5HjrsfsO/JpG+r7fRrqm12kzFHyUHqHCVpMMbI=",
        "owner": "numtide",
        "repo": "flake-utils",
        "rev": "11707dc2f618dd54ca8739b309ec4fc024de578b",
        "type": "github"
      },
      "original": {
        "owner": "numtide",
        "repo": "flake-utils",
        "type": "github"
      }
    },
    "git-prompt": {
      "flake": false,
      "locked": {
        "narHash": "sha256-kV63N7WFRfPMN1VbBqzEdaskUfkCDb+ZpvggScfuJ3c=",
        "type": "file",
        "url": "https://raw.githubusercontent.com/git/git/master/contrib/completion/git-prompt.sh"
      },
      "original": {
        "type": "file",
        "url": "https://raw.githubusercontent.com/git/git/master/contrib/completion/git-prompt.sh"
      }
    },
    "home-manager": {
      "inputs": {
        "nixpkgs": [
          "nixpkgs"
        ]
      },
      "locked": {
        "lastModified": 1780593650,
        "narHash": "sha256-CHo7k65YTL3HY+WQVedDTupji+LMgNlKCdrtRHZFAK4=",
        "owner": "nix-community",
        "repo": "home-manager",
        "rev": "447fd9ff62501dae7206dfe180ee89f8de27b7d5",
        "type": "github"
      },
      "original": {
        "owner": "nix-community",
        "repo": "home-manager",
        "type": "github"
      }
    },
    "home-manager_2": {
      "inputs": {
        "nixpkgs": [
          "sway-home",
          "nixpkgs"
        ]
      },
      "locked": {
        "lastModified": 1779506708,
        "narHash": "sha256-QOD/CNm196nCJRheux/URi4/HE66fthdOMqCJoPP1Y0=",
        "owner": "nix-community",
        "repo": "home-manager",
        "rev": "3ee51fbdac8c8bdfe1e7e1fcaba6520a563f394f",
        "type": "github"
      },
      "original": {
        "owner": "nix-community",
        "ref": "release-25.11",
        "repo": "home-manager",
        "type": "github"
      }
    },
    "nifty-filter": {
      "inputs": {
        "nixpkgs": [
          "nixpkgs"
        ]
      },
      "locked": {
        "lastModified": 1780637252,
        "narHash": "sha256-uwkLF1UFQgfL7ghDs4zFCCq2OuXoPCH263PdiM1d10E=",
        "owner": "EnigmaCurry",
        "repo": "nifty-filter",
        "rev": "c8d237b504a57ef8ed4e70a379dff2f6aa5e122d",
        "type": "github"
      },
      "original": {
        "owner": "EnigmaCurry",
        "ref": "step-ca",
        "repo": "nifty-filter",
        "type": "github"
      }
    },
    "nix-flatpak": {
      "locked": {
        "lastModified": 1779998907,
        "narHash": "sha256-8CSkdFNkAF49pmhFneEFNAO4UX9/0FnoMwXMY3yyvi0=",
        "owner": "gmodena",
        "repo": "nix-flatpak",
        "rev": "744221c2aef17f1f2a13278abfeabd9bd5e40180",
        "type": "github"
      },
      "original": {
        "owner": "gmodena",
        "repo": "nix-flatpak",
        "type": "github"
      }
    },
    "nix-flatpak_2": {
      "locked": {
        "lastModified": 1779998907,
        "narHash": "sha256-8CSkdFNkAF49pmhFneEFNAO4UX9/0FnoMwXMY3yyvi0=",
        "owner": "gmodena",
        "repo": "nix-flatpak",
        "rev": "744221c2aef17f1f2a13278abfeabd9bd5e40180",
        "type": "github"
      },
      "original": {
        "owner": "gmodena",
        "repo": "nix-flatpak",
        "type": "github"
      }
    },
    "nixos-vm-template": {
      "flake": false,
      "locked": {
        "lastModified": 1779981056,
        "narHash": "sha256-Uu7EPs9XseiyXyuwEoiF/j4wYlLvBSeofx8z9a4d+LE=",
        "owner": "EnigmaCurry",
        "repo": "nixos-vm-template",
        "rev": "5634856215e4bbaed2fbfca3f57d3f6353a39e44",
        "type": "github"
      },
      "original": {
        "owner": "EnigmaCurry",
        "repo": "nixos-vm-template",
        "type": "github"
      }
    },
    "nixpkgs": {
      "locked": {
        "lastModified": 1780243769,
        "narHash": "sha256-x5UQuRsH3MqI0U9afaXSNqzTPSeZlRLvFAav2Ux1pNw=",
        "owner": "NixOS",
        "repo": "nixpkgs",
        "rev": "331800de5053fcebacf6813adb5db9c9dca22a0c",
        "type": "github"
      },
      "original": {
        "owner": "NixOS",
        "ref": "nixos-unstable",
        "repo": "nixpkgs",
        "type": "github"
      }
    },
    "nixpkgs_2": {
      "locked": {
        "lastModified": 1779560665,
        "narHash": "sha256-tpyBcxPpcQb8ukyNF7DoCwfSY3VPsxHoYwj00Cayv5o=",
        "owner": "NixOS",
        "repo": "nixpkgs",
        "rev": "64c08a7ca051951c8eae34e3e3cb1e202fe36786",
        "type": "github"
      },
      "original": {
        "owner": "NixOS",
        "ref": "nixos-unstable",
        "repo": "nixpkgs",
        "type": "github"
      }
    },
    "nixpkgs_unstable": {
      "locked": {
        "lastModified": 1780243769,
        "narHash": "sha256-x5UQuRsH3MqI0U9afaXSNqzTPSeZlRLvFAav2Ux1pNw=",
        "owner": "NixOS",
        "repo": "nixpkgs",
        "rev": "331800de5053fcebacf6813adb5db9c9dca22a0c",
        "type": "github"
      },
      "original": {
        "owner": "NixOS",
        "ref": "nixos-unstable",
        "repo": "nixpkgs",
        "type": "github"
      }
    },
    "opencode": {
      "inputs": {
        "nixpkgs": [
          "nixpkgs"
        ]
      },
      "locked": {
        "lastModified": 1776472156,
        "narHash": "sha256-jlxR2BODV8wk0sP4Kkyza7Zr5I+Q003gldCfp2eYOt8=",
        "owner": "AnomalyCo",
        "repo": "opencode",
        "rev": "a35b8a95c27d28e979a3826e1289d7ee87f40251",
        "type": "github"
      },
      "original": {
        "owner": "AnomalyCo",
        "ref": "v1.4.11",
        "repo": "opencode",
        "type": "github"
      }
    },
    "root": {
      "inputs": {
        "home-manager": "home-manager",
        "nifty-filter": "nifty-filter",
        "nix-flatpak": "nix-flatpak",
        "nixpkgs": "nixpkgs",
        "opencode": "opencode",
        "sway-home": "sway-home"
      }
    },
    "script-wizard": {
      "inputs": {
        "flake-utils": "flake-utils",
        "nixpkgs": "nixpkgs_2"
      },
      "locked": {
        "lastModified": 1779749244,
        "narHash": "sha256-aS7YdFQpAjVNb/6jMVLEbG273iUzudCb934wwmqBThI=",
        "owner": "EnigmaCurry",
        "repo": "script-wizard",
        "rev": "4305b0eba8d825accb83c5742519085361b9e208",
        "type": "github"
      },
      "original": {
        "owner": "EnigmaCurry",
        "repo": "script-wizard",
        "type": "github"
      }
    },
    "sway-home": {
      "inputs": {
        "blog-rymcg-tech": "blog-rymcg-tech",
        "emacs_enigmacurry": "emacs_enigmacurry",
        "firefox-addons": "firefox-addons",
        "git-prompt": "git-prompt",
        "home-manager": "home-manager_2",
        "nix-flatpak": "nix-flatpak_2",
        "nixos-vm-template": "nixos-vm-template",
        "nixpkgs": [
          "nixpkgs"
        ],
        "nixpkgs_unstable": "nixpkgs_unstable",
        "script-wizard": "script-wizard",
        "sway-home": "sway-home_2"
      },
      "locked": {
        "dir": "home-manager",
        "lastModified": 1780382587,
        "narHash": "sha256-LeyRJ/QAm86vuNIE1yUQngDPAeJmkVSCYA3lsT4EdlI=",
        "owner": "EnigmaCurry",
        "repo": "sway-home",
        "rev": "ac819a706fa40fb1eb895f474cd56556c8c29205",
        "type": "github"
      },
      "original": {
        "dir": "home-manager",
        "owner": "EnigmaCurry",
        "repo": "sway-home",
        "type": "github"
      }
    },
    "sway-home_2": {
      "flake": false,
      "locked": {
        "path": "..",
        "type": "path"
      },
      "original": {
        "path": "..",
        "type": "path"
      },
      "parent": [
        "sway-home"
      ]
    },
    "systems": {
      "locked": {
        "lastModified": 1681028828,
        "narHash": "sha256-Vy1rq5AaRuLzOxct8nz4T6wlgyUR7zLU309k9mBC768=",
        "owner": "nix-systems",
        "repo": "default",
        "rev": "da67096a3b9bf56a91d16901293e51ba5b49a27e",
        "type": "github"
      },
      "original": {
        "owner": "nix-systems",
        "repo": "default",
        "type": "github"
      }
    }
  },
  "root": "root",
  "version": 7
}
