{
  "nodes": {
    "blog-rymcg-tech": {
      "flake": false,
      "locked": {
        "lastModified": 1776238780,
        "narHash": "sha256-zH0qqIwc28UCRtOKFWX119/HSCtQl94jFziGgaBIIqw=",
        "owner": "EnigmaCurry",
        "repo": "blog.rymcg.tech",
        "rev": "aff1c00576b53eb6105c7e167ac33eedd0dced3b",
        "type": "github"
      },
      "original": {
        "owner": "EnigmaCurry",
        "repo": "blog.rymcg.tech",
        "type": "github"
      }
    },
    "emacs_enigmacurry": {
      "flake": false,
      "locked": {
        "lastModified": 1771577167,
        "narHash": "sha256-5jQ4gOuSkYnPAGaweMqSNBVnr7iRprx7YYKUfjxt6Kw=",
        "owner": "EnigmaCurry",
        "repo": "emacs",
        "rev": "12969bdd6580a23dcd82a3e3b4eb428f886e0c01",
        "type": "github"
      },
      "original": {
        "owner": "EnigmaCurry",
        "repo": "emacs",
        "type": "github"
      }
    },
    "firefox-addons": {
      "inputs": {
        "nixpkgs": [
          "sway-home",
          "nixpkgs"
        ]
      },
      "locked": {
        "dir": "pkgs/firefox-addons",
        "lastModified": 1777348977,
        "narHash": "sha256-9aKuCI5TKHKnP073B1VzBdLRLAQJE7R9rbJWaSFXr3M=",
        "owner": "rycee",
        "repo": "nur-expressions",
        "rev": "a314975f42bfa9665bf77d1586ee0e123790ed27",
        "type": "gitlab"
      },
      "original": {
        "dir": "pkgs/firefox-addons",
        "owner": "rycee",
        "repo": "nur-expressions",
        "type": "gitlab"
      }
    },
    "flake-utils": {
      "inputs": {
        "systems": "systems"
      },
      "locked": {
        "lastModified": 1731533236,
        "narHash": "sha256-l0KFg5HjrsfsO/JpG+r7fRrqm12kzFHyUHqHCVpMMbI=",
        "owner": "numtide",
        "repo": "flake-utils",
        "rev": "11707dc2f618dd54ca8739b309ec4fc024de578b",
        "type": "github"
      },
      "original": {
        "owner": "numtide",
        "repo": "flake-utils",
        "type": "github"
      }
    },
    "git-prompt": {
      "flake": false,
      "locked": {
        "narHash": "sha256-kV63N7WFRfPMN1VbBqzEdaskUfkCDb+ZpvggScfuJ3c=",
        "type": "file",
        "url": "https://raw.githubusercontent.com/git/git/master/contrib/completion/git-prompt.sh"
      },
      "original": {
        "type": "file",
        "url": "https://raw.githubusercontent.com/git/git/master/contrib/completion/git-prompt.sh"
      }
    },
    "home-manager": {
      "inputs": {
        "nixpkgs": [
          "nixpkgs"
        ]
      },
      "locked": {
        "lastModified": 1778876681,
        "narHash": "sha256-9XOIxYLBp+sJsPWNnNyk1aVfYXuuRJZ4Anpplm9Tn8g=",
        "owner": "nix-community",
        "repo": "home-manager",
        "rev": "c7fad8197070948d8aa02cb8922240ee129cab2e",
        "type": "github"
      },
      "original": {
        "owner": "nix-community",
        "repo": "home-manager",
        "type": "github"
      }
    },
    "home-manager_2": {
      "inputs": {
        "nixpkgs": [
          "sway-home",
          "nixpkgs"
        ]
      },
      "locked": {
        "lastModified": 1775425411,
        "narHash": "sha256-KY6HsebJHEe5nHOWP7ur09mb0drGxYSzE3rQxy62rJo=",
        "owner": "nix-community",
        "repo": "home-manager",
        "rev": "0d02ec1d0a05f88ef9e74b516842900c41f0f2fe",
        "type": "github"
      },
      "original": {
        "owner": "nix-community",
        "ref": "release-25.11",
        "repo": "home-manager",
        "type": "github"
      }
    },
    "nifty-filter": {
      "inputs": {
        "nixpkgs": [
          "nixpkgs"
        ]
      },
      "locked": {
        "lastModified": 1779223565,
        "narHash": "sha256-GGmLKPe92mLJpkOs1TG37bNttickvxfCJVhMOnPE7G8=",
        "owner": "EnigmaCurry",
        "repo": "nifty-filter",
        "rev": "4e06ed0f9b460de01191c639ab9c604d75bc0187",
        "type": "github"
      },
      "original": {
        "owner": "EnigmaCurry",
        "ref": "dev",
        "repo": "nifty-filter",
        "type": "github"
      }
    },
    "nix-flatpak": {
      "locked": {
        "lastModified": 1777402031,
        "narHash": "sha256-6gkfl9y3+ti0Z6dgby8/R4/DRT8sWU0I0TLCIxwWtjk=",
        "owner": "gmodena",
        "repo": "nix-flatpak",
        "rev": "22a3adbe7c5c8c8a10a635d32c9ef7fc01a6e4b8",
        "type": "github"
      },
      "original": {
        "owner": "gmodena",
        "repo": "nix-flatpak",
        "type": "github"
      }
    },
    "nix-flatpak_2": {
      "locked": {
        "lastModified": 1777229239,
        "narHash": "sha256-OwSaWqlBdKn8QIa7BrPtJmlrr46U7AuwMc/toDKuMZw=",
        "owner": "gmodena",
        "repo": "nix-flatpak",
        "rev": "3f1d78b63b6af353c0685b8a7411c04d980426e4",
        "type": "github"
      },
      "original": {
        "owner": "gmodena",
        "repo": "nix-flatpak",
        "type": "github"
      }
    },
    "nixos-vm-template": {
      "flake": false,
      "locked": {
        "lastModified": 1776488934,
        "narHash": "sha256-m5GUYu++DM2yBYM3i4uRjLmn4cVUNoaaCwGx2ZE/Jwo=",
        "owner": "EnigmaCurry",
        "repo": "nixos-vm-template",
        "rev": "96a448c80b3ff09bcb3e39c9b3879d13827b86f0",
        "type": "github"
      },
      "original": {
        "owner": "EnigmaCurry",
        "repo": "nixos-vm-template",
        "type": "github"
      }
    },
    "nixpkgs": {
      "locked": {
        "lastModified": 1778443072,
        "narHash": "sha256-zi7/fsqM/kFdNuED//4WOCUtezGtKKqRNORjMvfwjnA=",
        "owner": "NixOS",
        "repo": "nixpkgs",
        "rev": "da5ad661ba4e5ef59ba743f0d112cbc30e474f32",
        "type": "github"
      },
      "original": {
        "owner": "NixOS",
        "ref": "nixos-unstable",
        "repo": "nixpkgs",
        "type": "github"
      }
    },
    "nixpkgs_2": {
      "locked": {
        "lastModified": 1769461804,
        "narHash": "sha256-msG8SU5WsBUfVVa/9RPLaymvi5bI8edTavbIq3vRlhI=",
        "owner": "NixOS",
        "repo": "nixpkgs",
        "rev": "bfc1b8a4574108ceef22f02bafcf6611380c100d",
        "type": "github"
      },
      "original": {
        "owner": "NixOS",
        "ref": "nixos-unstable",
        "repo": "nixpkgs",
        "type": "github"
      }
    },
    "nixpkgs_unstable": {
      "locked": {
        "lastModified": 1776877367,
        "narHash": "sha256-EHq1/OX139R1RvBzOJ0aMRT3xnWyqtHBRUBuO1gFzjI=",
        "owner": "NixOS",
        "repo": "nixpkgs",
        "rev": "0726a0ecb6d4e08f6adced58726b95db924cef57",
        "type": "github"
      },
      "original": {
        "owner": "NixOS",
        "ref": "nixos-unstable",
        "repo": "nixpkgs",
        "type": "github"
      }
    },
    "opencode": {
      "inputs": {
        "nixpkgs": [
          "nixpkgs"
        ]
      },
      "locked": {
        "lastModified": 1776472156,
        "narHash": "sha256-jlxR2BODV8wk0sP4Kkyza7Zr5I+Q003gldCfp2eYOt8=",
        "owner": "AnomalyCo",
        "repo": "opencode",
        "rev": "a35b8a95c27d28e979a3826e1289d7ee87f40251",
        "type": "github"
      },
      "original": {
        "owner": "AnomalyCo",
        "ref": "v1.4.11",
        "repo": "opencode",
        "type": "github"
      }
    },
    "root": {
      "inputs": {
        "home-manager": "home-manager",
        "nifty-filter": "nifty-filter",
        "nix-flatpak": "nix-flatpak",
        "nixpkgs": "nixpkgs",
        "opencode": "opencode",
        "sway-home": "sway-home"
      }
    },
    "script-wizard": {
      "inputs": {
        "flake-utils": "flake-utils",
        "nixpkgs": "nixpkgs_2"
      },
      "locked": {
        "lastModified": 1769806370,
        "narHash": "sha256-2OUSEa4l2tS92+idjIuysJ7s5BKUzrgUEBM+673EXvg=",
        "owner": "EnigmaCurry",
        "repo": "script-wizard",
        "rev": "e55e3601077cf71f15db4d2e2a069af77ff685b0",
        "type": "github"
      },
      "original": {
        "owner": "EnigmaCurry",
        "repo": "script-wizard",
        "type": "github"
      }
    },
    "sway-home": {
      "inputs": {
        "blog-rymcg-tech": "blog-rymcg-tech",
        "emacs_enigmacurry": "emacs_enigmacurry",
        "firefox-addons": "firefox-addons",
        "git-prompt": "git-prompt",
        "home-manager": "home-manager_2",
        "nix-flatpak": "nix-flatpak_2",
        "nixos-vm-template": "nixos-vm-template",
        "nixpkgs": [
          "nixpkgs"
        ],
        "nixpkgs_unstable": "nixpkgs_unstable",
        "script-wizard": "script-wizard",
        "sway-home": "sway-home_2"
      },
      "locked": {
        "dir": "home-manager",
        "lastModified": 1778829085,
        "narHash": "sha256-FMqG2FjQeogz0rkOXwHnTXAm11SKD7RQzR4KxDs4hEA=",
        "owner": "EnigmaCurry",
        "repo": "sway-home",
        "rev": "8c219f248514caabb69b94c1979de42ce5a57c91",
        "type": "github"
      },
      "original": {
        "dir": "home-manager",
        "owner": "EnigmaCurry",
        "repo": "sway-home",
        "type": "github"
      }
    },
    "sway-home_2": {
      "flake": false,
      "locked": {
        "path": "..",
        "type": "path"
      },
      "original": {
        "path": "..",
        "type": "path"
      },
      "parent": [
        "sway-home"
      ]
    },
    "systems": {
      "locked": {
        "lastModified": 1681028828,
        "narHash": "sha256-Vy1rq5AaRuLzOxct8nz4T6wlgyUR7zLU309k9mBC768=",
        "owner": "nix-systems",
        "repo": "default",
        "rev": "da67096a3b9bf56a91d16901293e51ba5b49a27e",
        "type": "github"
      },
      "original": {
        "owner": "nix-systems",
        "repo": "default",
        "type": "github"
      }
    }
  },
  "root": "root",
  "version": 7
}
